
Microsoft Visual Studio Solution File, Format Version 12.00
# Visual Studio Version 16
VisualStudioVersion = 16.0.28621.142
MinimumVisualStudioVersion = 10.0.40219.1
Project("{9A19103F-16F7-4668-BE54-9A1E7A4F7556}") = "sstocker.web", "sstocker.web\sstocker.web.csproj", "{F20AD8B4-AB97-4063-8991-FFAABC9148B0}"
EndProject
Project("{9A19103F-16F7-4668-BE54-9A1E7A4F7556}") = "sstocker.budget", "sstocker.budget\sstocker.budget.csproj", "{BBDAC102-A833-483B-B118-1A179A6ADF4B}"
EndProject
Project("{9A19103F-16F7-4668-BE54-9A1E7A4F7556}") = "sstocker.core", "sstocker.core\sstocker.core.csproj", "{FF3B5915-7705-48F0-B0FC-22D571E6ACC3}"
EndProject
Project("{9A19103F-16F7-4668-BE54-9A1E7A4F7556}") = "sstocker.wishlist", "sstocker.wishlist\sstocker.wishlist.csproj", "{BA8149B3-E132-4DB2-AD0E-D24FE7271A07}"
EndProject
Project("{FAE04EC0-301F-11D3-BF4B-00C04F79EFBC}") = "sstocker.hangfire", "sstocker.hangfire\sstocker.hangfire.csproj", "{CD04DA84-5C96-4EB9-82FE-5651C75FC005}"
EndProject
Global
	GlobalSection(SolutionConfigurationPlatforms) = preSolution
		Debug|Any CPU = Debug|Any CPU
		Release|Any CPU = Release|Any CPU
	EndGlobalSection
	GlobalSection(ProjectConfigurationPlatforms) = postSolution
		{F20AD8B4-AB97-4063-8991-FFAABC9148B0}.Debug|Any CPU.ActiveCfg = Debug|Any CPU
		{F20AD8B4-AB97-4063-8991-FFAABC9148B0}.Debug|Any CPU.Build.0 = Debug|Any CPU
		{F20AD8B4-AB97-4063-8991-FFAABC9148B0}.Release|Any CPU.ActiveCfg = Release|Any CPU
		{F20AD8B4-AB97-4063-8991-FFAABC9148B0}.Release|Any CPU.Build.0 = Release|Any CPU
		{BBDAC102-A833-483B-B118-1A179A6ADF4B}.Debug|Any CPU.ActiveCfg = Debug|Any CPU
		{BBDAC102-A833-483B-B118-1A179A6ADF4B}.Debug|Any CPU.Build.0 = Debug|Any CPU
		{BBDAC102-A833-483B-B118-1A179A6ADF4B}.Release|Any CPU.ActiveCfg = Release|Any CPU
		{BBDAC102-A833-483B-B118-1A179A6ADF4B}.Release|Any CPU.Build.0 = Release|Any CPU
		{FF3B5915-7705-48F0-B0FC-22D571E6ACC3}.Debug|Any CPU.ActiveCfg = Debug|Any CPU
		{FF3B5915-7705-48F0-B0FC-22D571E6ACC3}.Debug|Any CPU.Build.0 = Debug|Any CPU
		{FF3B5915-7705-48F0-B0FC-22D571E6ACC3}.Release|Any CPU.ActiveCfg = Release|Any CPU
		{FF3B5915-7705-48F0-B0FC-22D571E6ACC3}.Release|Any CPU.Build.0 = Release|Any CPU
		{BA8149B3-E132-4DB2-AD0E-D24FE7271A07}.Debug|Any CPU.ActiveCfg = Debug|Any CPU
		{BA8149B3-E132-4DB2-AD0E-D24FE7271A07}.Debug|Any CPU.Build.0 = Debug|Any CPU
		{BA8149B3-E132-4DB2-AD0E-D24FE7271A07}.Release|Any CPU.ActiveCfg = Release|Any CPU
		{BA8149B3-E132-4DB2-AD0E-D24FE7271A07}.Release|Any CPU.Build.0 = Release|Any CPU
		{CD04DA84-5C96-4EB9-82FE-5651C75FC005}.Debug|Any CPU.ActiveCfg = Debug|Any CPU
		{CD04DA84-5C96-4EB9-82FE-5651C75FC005}.Debug|Any CPU.Build.0 = Debug|Any CPU
		{CD04DA84-5C96-4EB9-82FE-5651C75FC005}.Release|Any CPU.ActiveCfg = Release|Any CPU
		{CD04DA84-5C96-4EB9-82FE-5651C75FC005}.Release|Any CPU.Build.0 = Release|Any CPU
	EndGlobalSection
	GlobalSection(SolutionProperties) = preSolution
		HideSolutionNode = FALSE
	EndGlobalSection
	GlobalSection(ExtensibilityGlobals) = postSolution
		SolutionGuid = {B5AFAC08-41DA-418B-A6DF-F85A4CDBEB19}
	EndGlobalSection
EndGlobal
